
Microsoft Visual Studio Solution File, Format Version 12.00
# Visual Studio 2013
VisualStudioVersion = 12.0.31101.0
MinimumVisualStudioVersion = 10.0.40219.1
Project("{2150E333-8FDC-42A3-9474-1A3956D46DE8}") = "0 - NuGet", "0 - NuGet", "{23B6E925-68E7-4B48-BAFB-0644A8723C84}"
EndProject
Project("{2150E333-8FDC-42A3-9474-1A3956D46DE8}") = "1 - Resources", "1 - Resources", "{BC4EAAE5-C784-46E0-9A13-1593A65E737D}"
	ProjectSection(SolutionItems) = preProject
		Contributors.md = Contributors.md
		License.txt = License.txt
		Readme.md = Readme.md
	EndProjectSection
EndProject
Project("{2150E333-8FDC-42A3-9474-1A3956D46DE8}") = "Manifest", "Manifest", "{83350A6A-D29C-4A37-B057-D8B84E63E434}"
	ProjectSection(SolutionItems) = preProject
		nuget\YamNet.Client.nuspec = nuget\YamNet.Client.nuspec
	EndProjectSection
EndProject
Project("{2150E333-8FDC-42A3-9474-1A3956D46DE8}") = "2 - Sources", "2 - Sources", "{F7F6989B-D530-4CCD-AB04-F1959A8F3E1B}"
EndProject
Project("{2150E333-8FDC-42A3-9474-1A3956D46DE8}") = "3 - Tests", "3 - Tests", "{6AFF12CE-383A-498F-81F2-0DBE78A55321}"
EndProject
Project("{FAE04EC0-301F-11D3-BF4B-00C04F79EFBC}") = "YamNet.Client", "src\main\YamNet.Client\YamNet.Client.csproj", "{E9238175-7A4F-424B-83F4-F293672C72C6}"
EndProject
Project("{FAE04EC0-301F-11D3-BF4B-00C04F79EFBC}") = "YamNet.Client.ConsoleTest", "src\test\YamNet.Client.ConsoleTest\YamNet.Client.ConsoleTest.csproj", "{D87938F7-EDFF-4FEC-9CA7-79C7DB85B80C}"
EndProject
Project("{2150E333-8FDC-42A3-9474-1A3956D46DE8}") = "Tools", "Tools", "{BE88B17E-5276-4F49-9B92-284C60D9DB6F}"
	ProjectSection(SolutionItems) = preProject
		nuget\NuGetCleanCache.cmd = nuget\NuGetCleanCache.cmd
		nuget\NuGetPack.cmd = nuget\NuGetPack.cmd
	EndProjectSection
EndProject
Project("{FAE04EC0-301F-11D3-BF4B-00C04F79EFBC}") = "YamNet.Client35", "src\main\YamNet.Client35\YamNet.Client35.csproj", "{9CC931DA-DB1C-4866-8524-8712666990C7}"
EndProject
Project("{FAE04EC0-301F-11D3-BF4B-00C04F79EFBC}") = "YamNet.Client35.ConsoleTest", "src\test\YamNet.Client35.ConsoleTest\YamNet.Client35.ConsoleTest.csproj", "{CABACCEC-AE68-413E-A784-B12FABB1F49D}"
EndProject
Project("{D954291E-2A0B-460D-934E-DC6B0785DB48}") = "YamNet.Core", "src\main\YamNet.Core\YamNet.Core.shproj", "{67969EE9-4F3F-47A2-8BE8-8AFE2979BA07}"
EndProject
Project("{2150E333-8FDC-42A3-9474-1A3956D46DE8}") = "Shared", "Shared", "{03616E08-545E-403D-8E49-9EE2CF99D14D}"
EndProject
Project("{2150E333-8FDC-42A3-9474-1A3956D46DE8}") = "Shared", "Shared", "{4CD11A85-F8A6-4E25-A7BA-C07ED79E3D8C}"
EndProject
Project("{D954291E-2A0B-460D-934E-DC6B0785DB48}") = "YamNet.CoreTest", "src\YamNet.CoreTest\YamNet.CoreTest.shproj", "{A153A52C-3054-436E-8BE4-86CDF571E3F1}"
EndProject
Global
	GlobalSection(SharedMSBuildProjectFiles) = preSolution
		src\main\YamNet.Core\YamNet.Core.projitems*{67969ee9-4f3f-47a2-8be8-8afe2979ba07}*SharedItemsImports = 13
		src\main\YamNet.Core\YamNet.Core.projitems*{9cc931da-db1c-4866-8524-8712666990c7}*SharedItemsImports = 4
		src\YamNet.CoreTest\YamNet.CoreTest.projitems*{cabaccec-ae68-413e-a784-b12fabb1f49d}*SharedItemsImports = 4
		src\YamNet.CoreTest\YamNet.CoreTest.projitems*{a153a52c-3054-436e-8be4-86cdf571e3f1}*SharedItemsImports = 13
		src\YamNet.CoreTest\YamNet.CoreTest.projitems*{d87938f7-edff-4fec-9ca7-79c7db85b80c}*SharedItemsImports = 4
		src\main\YamNet.Core\YamNet.Core.projitems*{e9238175-7a4f-424b-83f4-f293672c72c6}*SharedItemsImports = 4
	EndGlobalSection
	GlobalSection(SolutionConfigurationPlatforms) = preSolution
		Debug|Any CPU = Debug|Any CPU
		Release|Any CPU = Release|Any CPU
	EndGlobalSection
	GlobalSection(ProjectConfigurationPlatforms) = postSolution
		{E9238175-7A4F-424B-83F4-F293672C72C6}.Debug|Any CPU.ActiveCfg = Debug|Any CPU
		{E9238175-7A4F-424B-83F4-F293672C72C6}.Debug|Any CPU.Build.0 = Debug|Any CPU
		{E9238175-7A4F-424B-83F4-F293672C72C6}.Release|Any CPU.ActiveCfg = Release|Any CPU
		{E9238175-7A4F-424B-83F4-F293672C72C6}.Release|Any CPU.Build.0 = Release|Any CPU
		{D87938F7-EDFF-4FEC-9CA7-79C7DB85B80C}.Debug|Any CPU.ActiveCfg = Debug|Any CPU
		{D87938F7-EDFF-4FEC-9CA7-79C7DB85B80C}.Debug|Any CPU.Build.0 = Debug|Any CPU
		{D87938F7-EDFF-4FEC-9CA7-79C7DB85B80C}.Release|Any CPU.ActiveCfg = Release|Any CPU
		{D87938F7-EDFF-4FEC-9CA7-79C7DB85B80C}.Release|Any CPU.Build.0 = Release|Any CPU
		{9CC931DA-DB1C-4866-8524-8712666990C7}.Debug|Any CPU.ActiveCfg = Debug|Any CPU
		{9CC931DA-DB1C-4866-8524-8712666990C7}.Debug|Any CPU.Build.0 = Debug|Any CPU
		{9CC931DA-DB1C-4866-8524-8712666990C7}.Release|Any CPU.ActiveCfg = Release|Any CPU
		{9CC931DA-DB1C-4866-8524-8712666990C7}.Release|Any CPU.Build.0 = Release|Any CPU
		{CABACCEC-AE68-413E-A784-B12FABB1F49D}.Debug|Any CPU.ActiveCfg = Debug|Any CPU
		{CABACCEC-AE68-413E-A784-B12FABB1F49D}.Debug|Any CPU.Build.0 = Debug|Any CPU
		{CABACCEC-AE68-413E-A784-B12FABB1F49D}.Release|Any CPU.ActiveCfg = Release|Any CPU
		{CABACCEC-AE68-413E-A784-B12FABB1F49D}.Release|Any CPU.Build.0 = Release|Any CPU
	EndGlobalSection
	GlobalSection(SolutionProperties) = preSolution
		HideSolutionNode = FALSE
	EndGlobalSection
	GlobalSection(NestedProjects) = preSolution
		{83350A6A-D29C-4A37-B057-D8B84E63E434} = {23B6E925-68E7-4B48-BAFB-0644A8723C84}
		{E9238175-7A4F-424B-83F4-F293672C72C6} = {F7F6989B-D530-4CCD-AB04-F1959A8F3E1B}
		{D87938F7-EDFF-4FEC-9CA7-79C7DB85B80C} = {6AFF12CE-383A-498F-81F2-0DBE78A55321}
		{BE88B17E-5276-4F49-9B92-284C60D9DB6F} = {23B6E925-68E7-4B48-BAFB-0644A8723C84}
		{9CC931DA-DB1C-4866-8524-8712666990C7} = {F7F6989B-D530-4CCD-AB04-F1959A8F3E1B}
		{CABACCEC-AE68-413E-A784-B12FABB1F49D} = {6AFF12CE-383A-498F-81F2-0DBE78A55321}
		{67969EE9-4F3F-47A2-8BE8-8AFE2979BA07} = {03616E08-545E-403D-8E49-9EE2CF99D14D}
		{03616E08-545E-403D-8E49-9EE2CF99D14D} = {F7F6989B-D530-4CCD-AB04-F1959A8F3E1B}
		{4CD11A85-F8A6-4E25-A7BA-C07ED79E3D8C} = {6AFF12CE-383A-498F-81F2-0DBE78A55321}
		{A153A52C-3054-436E-8BE4-86CDF571E3F1} = {4CD11A85-F8A6-4E25-A7BA-C07ED79E3D8C}
	EndGlobalSection
EndGlobal
